
Microsoft Visual Studio Solution File, Format Version 12.00
# Visual Studio 2013
VisualStudioVersion = 12.0.30110.0
MinimumVisualStudioVersion = 10.0.40219.1
Project("{FAE04EC0-301F-11D3-BF4B-00C04F79EFBC}") = "MarconiClient", "MarconiClient\MarconiClient.csproj", "{ADB4BD92-738F-4E48-8C74-88C97AFD4169}"
EndProject
Project("{FAE04EC0-301F-11D3-BF4B-00C04F79EFBC}") = "MarconiTest", "MarconiTest\MarconiTest.csproj", "{D578A15E-59A2-4D68-8F29-AB646639A1FA}"
EndProject
Project("{FAE04EC0-301F-11D3-BF4B-00C04F79EFBC}") = "MarconiUnitTest", "MarconiUnitTest\MarconiUnitTest.csproj", "{3A5411BE-F823-4437-967A-793B046D7CA1}"
EndProject
Global
	GlobalSection(SolutionConfigurationPlatforms) = preSolution
		Debug|Any CPU = Debug|Any CPU
		Release|Any CPU = Release|Any CPU
	EndGlobalSection
	GlobalSection(ProjectConfigurationPlatforms) = postSolution
		{ADB4BD92-738F-4E48-8C74-88C97AFD4169}.Debug|Any CPU.ActiveCfg = Debug|Any CPU
		{ADB4BD92-738F-4E48-8C74-88C97AFD4169}.Debug|Any CPU.Build.0 = Debug|Any CPU
		{ADB4BD92-738F-4E48-8C74-88C97AFD4169}.Release|Any CPU.ActiveCfg = Release|Any CPU
		{ADB4BD92-738F-4E48-8C74-88C97AFD4169}.Release|Any CPU.Build.0 = Release|Any CPU
		{D578A15E-59A2-4D68-8F29-AB646639A1FA}.Debug|Any CPU.ActiveCfg = Debug|Any CPU
		{D578A15E-59A2-4D68-8F29-AB646639A1FA}.Debug|Any CPU.Build.0 = Debug|Any CPU
		{D578A15E-59A2-4D68-8F29-AB646639A1FA}.Release|Any CPU.ActiveCfg = Release|Any CPU
		{D578A15E-59A2-4D68-8F29-AB646639A1FA}.Release|Any CPU.Build.0 = Release|Any CPU
		{3A5411BE-F823-4437-967A-793B046D7CA1}.Debug|Any CPU.ActiveCfg = Debug|Any CPU
		{3A5411BE-F823-4437-967A-793B046D7CA1}.Debug|Any CPU.Build.0 = Debug|Any CPU
		{3A5411BE-F823-4437-967A-793B046D7CA1}.Release|Any CPU.ActiveCfg = Release|Any CPU
		{3A5411BE-F823-4437-967A-793B046D7CA1}.Release|Any CPU.Build.0 = Release|Any CPU
	EndGlobalSection
	GlobalSection(SolutionProperties) = preSolution
		HideSolutionNode = FALSE
	EndGlobalSection
EndGlobal
